
Microsoft Visual Studio Solution File, Format Version 12.00
# Visual Studio Version 17
VisualStudioVersion = 17.8.34309.116
MinimumVisualStudioVersion = 10.0.40219.1
Project("{2150E333-8FDC-42A3-9474-1A3956D46DE8}") = "Service-One", "Service-One", "{F2F8F5FC-76E5-4F32-8AD5-1B300D8197A6}"
EndProject
Project("{2150E333-8FDC-42A3-9474-1A3956D46DE8}") = "Service-Two", "Service-Two", "{E74E9AC6-34CC-4B97-B8EB-B679AA02E700}"
EndProject
Project("{2150E333-8FDC-42A3-9474-1A3956D46DE8}") = "Service-Four", "Service-Four", "{7CC22E67-FE69-4BFF-A5BE-2928A71DF71E}"
EndProject
Project("{2150E333-8FDC-42A3-9474-1A3956D46DE8}") = "Service-Three", "Service-Three", "{F34B3FAF-1844-44BA-A544-A2AB2887C52E}"
EndProject
Project("{9A19103F-16F7-4668-BE54-9A1E7A4F7556}") = "Service-One.Api", "Service-One.Api\Service-One.Api.csproj", "{F4A05C80-685F-44A3-9D9B-66E0B7642285}"
EndProject
Project("{9A19103F-16F7-4668-BE54-9A1E7A4F7556}") = "Service-One-ClassLibrary1", "Service-One-ClassLibrary1\Service-One-ClassLibrary1.csproj", "{C3DF42A5-87F8-4021-BB86-1409AD86B87F}"
EndProject
Project("{9A19103F-16F7-4668-BE54-9A1E7A4F7556}") = "Service-One-ClassLibrary2", "Service-One-ClassLibrary2\Service-One-ClassLibrary2.csproj", "{4A5D5FFA-E159-4CB7-AA1A-88F99A679624}"
EndProject
Project("{9A19103F-16F7-4668-BE54-9A1E7A4F7556}") = "Service-One-ClassLibrary3", "Service-One-ClassLibrary3\Service-One-ClassLibrary3.csproj", "{BE13D15F-1891-4250-87A2-E485C198BB5E}"
EndProject
Project("{9A19103F-16F7-4668-BE54-9A1E7A4F7556}") = "Service-Two.Api", "Service-Two.Api\Service-Two.Api.csproj", "{9156543D-369B-4282-AA36-CD52F6EA38D6}"
EndProject
Project("{9A19103F-16F7-4668-BE54-9A1E7A4F7556}") = "Service-Two-ClassLibrary1", "Service-Two-ClassLibrary1\Service-Two-ClassLibrary1.csproj", "{CEFD986F-74E8-44A4-A59D-F2696AFBF6A5}"
EndProject
Project("{9A19103F-16F7-4668-BE54-9A1E7A4F7556}") = "Service-Two-ClassLibrary2", "Service-Two-ClassLibrary2\Service-Two-ClassLibrary2.csproj", "{94394869-964D-4733-8244-76E6CF54AE53}"
EndProject
Project("{9A19103F-16F7-4668-BE54-9A1E7A4F7556}") = "Service-Two-ClassLibrary3", "Service-Two-ClassLibrary3\Service-Two-ClassLibrary3.csproj", "{555FE8CF-F878-4C76-AB09-947CFB258F2C}"
EndProject
Project("{9A19103F-16F7-4668-BE54-9A1E7A4F7556}") = "Service-Three.Api", "Service-Three.Api\Service-Three.Api.csproj", "{5911A5E4-3EDB-4F1C-AA9F-BDEE016E4A2F}"
EndProject
Project("{9A19103F-16F7-4668-BE54-9A1E7A4F7556}") = "Service-Three-ClassLibrary1", "Service-Three-ClassLibrary1\Service-Three-ClassLibrary1.csproj", "{4B3FDEA7-C894-41DE-9A37-F36FB4A8DB1E}"
EndProject
Project("{9A19103F-16F7-4668-BE54-9A1E7A4F7556}") = "Service-Three-ClassLibrary2", "Service-Three-ClassLibrary2\Service-Three-ClassLibrary2.csproj", "{34051AEC-0F2F-4637-8817-C53332EEF22A}"
EndProject
Project("{9A19103F-16F7-4668-BE54-9A1E7A4F7556}") = "Service-Three-ClassLibrary3", "Service-Three-ClassLibrary3\Service-Three-ClassLibrary3.csproj", "{6CBD5A60-ABDE-4224-B875-C32C2EB0CEB7}"
EndProject
Project("{9A19103F-16F7-4668-BE54-9A1E7A4F7556}") = "Service-Four.Api", "Service-Four.Api\Service-Four.Api.csproj", "{18C37B4C-A225-433F-8484-74053DA14E3F}"
EndProject
Project("{FAE04EC0-301F-11D3-BF4B-00C04F79EFBC}") = "Service-Four-ClassLibrary1", "Service-Four-ClassLibrary1\Service-Four-ClassLibrary1.csproj", "{9BA10C20-8B8A-429A-BA38-08661A5A06C2}"
EndProject
Project("{FAE04EC0-301F-11D3-BF4B-00C04F79EFBC}") = "Service-Four-ClassLibrary2", "Service-Four-ClassLibrary2\Service-Four-ClassLibrary2.csproj", "{B52B8818-6660-42AF-A9C0-2070526674EC}"
EndProject
Project("{FAE04EC0-301F-11D3-BF4B-00C04F79EFBC}") = "Service-Four-ClassLibrary3", "Service-Four-ClassLibrary3\Service-Four-ClassLibrary3.csproj", "{1051F90C-B80C-4EE6-BF1C-A122670526DA}"
EndProject
Project("{E53339B2-1760-4266-BCC7-CA923CBCF16C}") = "docker-compose", "docker-compose.dcproj", "{D10313D8-F2F8-4D12-AD03-0612DF1EE094}"
EndProject
Global
	GlobalSection(SolutionConfigurationPlatforms) = preSolution
		Debug|Any CPU = Debug|Any CPU
		Release|Any CPU = Release|Any CPU
	EndGlobalSection
	GlobalSection(ProjectConfigurationPlatforms) = postSolution
		{F4A05C80-685F-44A3-9D9B-66E0B7642285}.Debug|Any CPU.ActiveCfg = Debug|Any CPU
		{F4A05C80-685F-44A3-9D9B-66E0B7642285}.Debug|Any CPU.Build.0 = Debug|Any CPU
		{F4A05C80-685F-44A3-9D9B-66E0B7642285}.Release|Any CPU.ActiveCfg = Release|Any CPU
		{F4A05C80-685F-44A3-9D9B-66E0B7642285}.Release|Any CPU.Build.0 = Release|Any CPU
		{C3DF42A5-87F8-4021-BB86-1409AD86B87F}.Debug|Any CPU.ActiveCfg = Debug|Any CPU
		{C3DF42A5-87F8-4021-BB86-1409AD86B87F}.Debug|Any CPU.Build.0 = Debug|Any CPU
		{C3DF42A5-87F8-4021-BB86-1409AD86B87F}.Release|Any CPU.ActiveCfg = Release|Any CPU
		{C3DF42A5-87F8-4021-BB86-1409AD86B87F}.Release|Any CPU.Build.0 = Release|Any CPU
		{4A5D5FFA-E159-4CB7-AA1A-88F99A679624}.Debug|Any CPU.ActiveCfg = Debug|Any CPU
		{4A5D5FFA-E159-4CB7-AA1A-88F99A679624}.Debug|Any CPU.Build.0 = Debug|Any CPU
		{4A5D5FFA-E159-4CB7-AA1A-88F99A679624}.Release|Any CPU.ActiveCfg = Release|Any CPU
		{4A5D5FFA-E159-4CB7-AA1A-88F99A679624}.Release|Any CPU.Build.0 = Release|Any CPU
		{BE13D15F-1891-4250-87A2-E485C198BB5E}.Debug|Any CPU.ActiveCfg = Debug|Any CPU
		{BE13D15F-1891-4250-87A2-E485C198BB5E}.Debug|Any CPU.Build.0 = Debug|Any CPU
		{BE13D15F-1891-4250-87A2-E485C198BB5E}.Release|Any CPU.ActiveCfg = Release|Any CPU
		{BE13D15F-1891-4250-87A2-E485C198BB5E}.Release|Any CPU.Build.0 = Release|Any CPU
		{9156543D-369B-4282-AA36-CD52F6EA38D6}.Debug|Any CPU.ActiveCfg = Debug|Any CPU
		{9156543D-369B-4282-AA36-CD52F6EA38D6}.Debug|Any CPU.Build.0 = Debug|Any CPU
		{9156543D-369B-4282-AA36-CD52F6EA38D6}.Release|Any CPU.ActiveCfg = Release|Any CPU
		{9156543D-369B-4282-AA36-CD52F6EA38D6}.Release|Any CPU.Build.0 = Release|Any CPU
		{CEFD986F-74E8-44A4-A59D-F2696AFBF6A5}.Debug|Any CPU.ActiveCfg = Debug|Any CPU
		{CEFD986F-74E8-44A4-A59D-F2696AFBF6A5}.Debug|Any CPU.Build.0 = Debug|Any CPU
		{CEFD986F-74E8-44A4-A59D-F2696AFBF6A5}.Release|Any CPU.ActiveCfg = Release|Any CPU
		{CEFD986F-74E8-44A4-A59D-F2696AFBF6A5}.Release|Any CPU.Build.0 = Release|Any CPU
		{94394869-964D-4733-8244-76E6CF54AE53}.Debug|Any CPU.ActiveCfg = Debug|Any CPU
		{94394869-964D-4733-8244-76E6CF54AE53}.Debug|Any CPU.Build.0 = Debug|Any CPU
		{94394869-964D-4733-8244-76E6CF54AE53}.Release|Any CPU.ActiveCfg = Release|Any CPU
		{94394869-964D-4733-8244-76E6CF54AE53}.Release|Any CPU.Build.0 = Release|Any CPU
		{555FE8CF-F878-4C76-AB09-947CFB258F2C}.Debug|Any CPU.ActiveCfg = Debug|Any CPU
		{555FE8CF-F878-4C76-AB09-947CFB258F2C}.Debug|Any CPU.Build.0 = Debug|Any CPU
		{555FE8CF-F878-4C76-AB09-947CFB258F2C}.Release|Any CPU.ActiveCfg = Release|Any CPU
		{555FE8CF-F878-4C76-AB09-947CFB258F2C}.Release|Any CPU.Build.0 = Release|Any CPU
		{5911A5E4-3EDB-4F1C-AA9F-BDEE016E4A2F}.Debug|Any CPU.ActiveCfg = Debug|Any CPU
		{5911A5E4-3EDB-4F1C-AA9F-BDEE016E4A2F}.Debug|Any CPU.Build.0 = Debug|Any CPU
		{5911A5E4-3EDB-4F1C-AA9F-BDEE016E4A2F}.Release|Any CPU.ActiveCfg = Release|Any CPU
		{5911A5E4-3EDB-4F1C-AA9F-BDEE016E4A2F}.Release|Any CPU.Build.0 = Release|Any CPU
		{4B3FDEA7-C894-41DE-9A37-F36FB4A8DB1E}.Debug|Any CPU.ActiveCfg = Debug|Any CPU
		{4B3FDEA7-C894-41DE-9A37-F36FB4A8DB1E}.Debug|Any CPU.Build.0 = Debug|Any CPU
		{4B3FDEA7-C894-41DE-9A37-F36FB4A8DB1E}.Release|Any CPU.ActiveCfg = Release|Any CPU
		{4B3FDEA7-C894-41DE-9A37-F36FB4A8DB1E}.Release|Any CPU.Build.0 = Release|Any CPU
		{34051AEC-0F2F-4637-8817-C53332EEF22A}.Debug|Any CPU.ActiveCfg = Debug|Any CPU
		{34051AEC-0F2F-4637-8817-C53332EEF22A}.Debug|Any CPU.Build.0 = Debug|Any CPU
		{34051AEC-0F2F-4637-8817-C53332EEF22A}.Release|Any CPU.ActiveCfg = Release|Any CPU
		{34051AEC-0F2F-4637-8817-C53332EEF22A}.Release|Any CPU.Build.0 = Release|Any CPU
		{6CBD5A60-ABDE-4224-B875-C32C2EB0CEB7}.Debug|Any CPU.ActiveCfg = Debug|Any CPU
		{6CBD5A60-ABDE-4224-B875-C32C2EB0CEB7}.Debug|Any CPU.Build.0 = Debug|Any CPU
		{6CBD5A60-ABDE-4224-B875-C32C2EB0CEB7}.Release|Any CPU.ActiveCfg = Release|Any CPU
		{6CBD5A60-ABDE-4224-B875-C32C2EB0CEB7}.Release|Any CPU.Build.0 = Release|Any CPU
		{18C37B4C-A225-433F-8484-74053DA14E3F}.Debug|Any CPU.ActiveCfg = Debug|Any CPU
		{18C37B4C-A225-433F-8484-74053DA14E3F}.Debug|Any CPU.Build.0 = Debug|Any CPU
		{18C37B4C-A225-433F-8484-74053DA14E3F}.Release|Any CPU.ActiveCfg = Release|Any CPU
		{18C37B4C-A225-433F-8484-74053DA14E3F}.Release|Any CPU.Build.0 = Release|Any CPU
		{9BA10C20-8B8A-429A-BA38-08661A5A06C2}.Debug|Any CPU.ActiveCfg = Debug|Any CPU
		{9BA10C20-8B8A-429A-BA38-08661A5A06C2}.Debug|Any CPU.Build.0 = Debug|Any CPU
		{9BA10C20-8B8A-429A-BA38-08661A5A06C2}.Release|Any CPU.ActiveCfg = Release|Any CPU
		{9BA10C20-8B8A-429A-BA38-08661A5A06C2}.Release|Any CPU.Build.0 = Release|Any CPU
		{B52B8818-6660-42AF-A9C0-2070526674EC}.Debug|Any CPU.ActiveCfg = Debug|Any CPU
		{B52B8818-6660-42AF-A9C0-2070526674EC}.Debug|Any CPU.Build.0 = Debug|Any CPU
		{B52B8818-6660-42AF-A9C0-2070526674EC}.Release|Any CPU.ActiveCfg = Release|Any CPU
		{B52B8818-6660-42AF-A9C0-2070526674EC}.Release|Any CPU.Build.0 = Release|Any CPU
		{1051F90C-B80C-4EE6-BF1C-A122670526DA}.Debug|Any CPU.ActiveCfg = Debug|Any CPU
		{1051F90C-B80C-4EE6-BF1C-A122670526DA}.Debug|Any CPU.Build.0 = Debug|Any CPU
		{1051F90C-B80C-4EE6-BF1C-A122670526DA}.Release|Any CPU.ActiveCfg = Release|Any CPU
		{1051F90C-B80C-4EE6-BF1C-A122670526DA}.Release|Any CPU.Build.0 = Release|Any CPU
		{D10313D8-F2F8-4D12-AD03-0612DF1EE094}.Debug|Any CPU.ActiveCfg = Debug|Any CPU
		{D10313D8-F2F8-4D12-AD03-0612DF1EE094}.Debug|Any CPU.Build.0 = Debug|Any CPU
		{D10313D8-F2F8-4D12-AD03-0612DF1EE094}.Release|Any CPU.ActiveCfg = Release|Any CPU
		{D10313D8-F2F8-4D12-AD03-0612DF1EE094}.Release|Any CPU.Build.0 = Release|Any CPU
	EndGlobalSection
	GlobalSection(SolutionProperties) = preSolution
		HideSolutionNode = FALSE
	EndGlobalSection
	GlobalSection(NestedProjects) = preSolution
		{F4A05C80-685F-44A3-9D9B-66E0B7642285} = {F2F8F5FC-76E5-4F32-8AD5-1B300D8197A6}
		{C3DF42A5-87F8-4021-BB86-1409AD86B87F} = {F2F8F5FC-76E5-4F32-8AD5-1B300D8197A6}
		{4A5D5FFA-E159-4CB7-AA1A-88F99A679624} = {F2F8F5FC-76E5-4F32-8AD5-1B300D8197A6}
		{BE13D15F-1891-4250-87A2-E485C198BB5E} = {F2F8F5FC-76E5-4F32-8AD5-1B300D8197A6}
		{9156543D-369B-4282-AA36-CD52F6EA38D6} = {E74E9AC6-34CC-4B97-B8EB-B679AA02E700}
		{CEFD986F-74E8-44A4-A59D-F2696AFBF6A5} = {E74E9AC6-34CC-4B97-B8EB-B679AA02E700}
		{94394869-964D-4733-8244-76E6CF54AE53} = {E74E9AC6-34CC-4B97-B8EB-B679AA02E700}
		{555FE8CF-F878-4C76-AB09-947CFB258F2C} = {E74E9AC6-34CC-4B97-B8EB-B679AA02E700}
		{5911A5E4-3EDB-4F1C-AA9F-BDEE016E4A2F} = {F34B3FAF-1844-44BA-A544-A2AB2887C52E}
		{4B3FDEA7-C894-41DE-9A37-F36FB4A8DB1E} = {F34B3FAF-1844-44BA-A544-A2AB2887C52E}
		{34051AEC-0F2F-4637-8817-C53332EEF22A} = {F34B3FAF-1844-44BA-A544-A2AB2887C52E}
		{6CBD5A60-ABDE-4224-B875-C32C2EB0CEB7} = {F34B3FAF-1844-44BA-A544-A2AB2887C52E}
		{18C37B4C-A225-433F-8484-74053DA14E3F} = {7CC22E67-FE69-4BFF-A5BE-2928A71DF71E}
		{9BA10C20-8B8A-429A-BA38-08661A5A06C2} = {7CC22E67-FE69-4BFF-A5BE-2928A71DF71E}
		{B52B8818-6660-42AF-A9C0-2070526674EC} = {7CC22E67-FE69-4BFF-A5BE-2928A71DF71E}
		{1051F90C-B80C-4EE6-BF1C-A122670526DA} = {7CC22E67-FE69-4BFF-A5BE-2928A71DF71E}
	EndGlobalSection
	GlobalSection(ExtensibilityGlobals) = postSolution
		SolutionGuid = {A6101D1A-759F-4E65-A7A3-DE8FC0C358F3}
	EndGlobalSection
EndGlobal
